
Microsoft Visual Studio Solution File, Format Version 12.00
# Visual Studio Version 16
VisualStudioVersion = 16.0.31624.102
MinimumVisualStudioVersion = 10.0.40219.1
Project("{9A19103F-16F7-4668-BE54-9A1E7A4F7556}") = "Books", "Books\Books.csproj", "{A72A33B4-56ED-4481-8542-3FCFCFFD789C}"
EndProject
Global
	GlobalSection(SolutionConfigurationPlatforms) = preSolution
		Debug|Any CPU = Debug|Any CPU
		Release|Any CPU = Release|Any CPU
	EndGlobalSection
	GlobalSection(ProjectConfigurationPlatforms) = postSolution
		{A72A33B4-56ED-4481-8542-3FCFCFFD789C}.Debug|Any CPU.ActiveCfg = Debug|Any CPU
		{A72A33B4-56ED-4481-8542-3FCFCFFD789C}.Debug|Any CPU.Build.0 = Debug|Any CPU
		{A72A33B4-56ED-4481-8542-3FCFCFFD789C}.Release|Any CPU.ActiveCfg = Release|Any CPU
		{A72A33B4-56ED-4481-8542-3FCFCFFD789C}.Release|Any CPU.Build.0 = Release|Any CPU
	EndGlobalSection
	GlobalSection(SolutionProperties) = preSolution
		HideSolutionNode = FALSE
	EndGlobalSection
	GlobalSection(ExtensibilityGlobals) = postSolution
		SolutionGuid = {C7057289-0266-4C6F-84A2-1AD4A760F08E}
	EndGlobalSection
EndGlobal
